
Microsoft Visual Studio Solution File, Format Version 12.00
# Visual Studio Version 16
VisualStudioVersion = 16.0.31129.286
MinimumVisualStudioVersion = 10.0.40219.1
Project("{FAE04EC0-301F-11D3-BF4B-00C04F79EFBC}") = "Anon_Methods", "Anon_Methods\Anon_Methods.csproj", "{D284CF61-F829-4E85-8BD0-469799046D06}"
EndProject
Project("{FAE04EC0-301F-11D3-BF4B-00C04F79EFBC}") = "Anon_Methods1", "Anon_Methods1\Anon_Methods1.csproj", "{37A0FC9B-D3DD-4EC3-814B-2D2CF65FBA6E}"
EndProject
Project("{FAE04EC0-301F-11D3-BF4B-00C04F79EFBC}") = "DelegatePredpTechnic", "DelegatePredpTechnic\DelegatePredpTechnic.csproj", "{ECBEEBAC-0059-454E-9EB4-74C59E217814}"
EndProject
Global
	GlobalSection(SolutionConfigurationPlatforms) = preSolution
		Debug|Any CPU = Debug|Any CPU
		Release|Any CPU = Release|Any CPU
	EndGlobalSection
	GlobalSection(ProjectConfigurationPlatforms) = postSolution
		{D284CF61-F829-4E85-8BD0-469799046D06}.Debug|Any CPU.ActiveCfg = Debug|Any CPU
		{D284CF61-F829-4E85-8BD0-469799046D06}.Debug|Any CPU.Build.0 = Debug|Any CPU
		{D284CF61-F829-4E85-8BD0-469799046D06}.Release|Any CPU.ActiveCfg = Release|Any CPU
		{D284CF61-F829-4E85-8BD0-469799046D06}.Release|Any CPU.Build.0 = Release|Any CPU
		{37A0FC9B-D3DD-4EC3-814B-2D2CF65FBA6E}.Debug|Any CPU.ActiveCfg = Debug|Any CPU
		{37A0FC9B-D3DD-4EC3-814B-2D2CF65FBA6E}.Debug|Any CPU.Build.0 = Debug|Any CPU
		{37A0FC9B-D3DD-4EC3-814B-2D2CF65FBA6E}.Release|Any CPU.ActiveCfg = Release|Any CPU
		{37A0FC9B-D3DD-4EC3-814B-2D2CF65FBA6E}.Release|Any CPU.Build.0 = Release|Any CPU
		{ECBEEBAC-0059-454E-9EB4-74C59E217814}.Debug|Any CPU.ActiveCfg = Debug|Any CPU
		{ECBEEBAC-0059-454E-9EB4-74C59E217814}.Debug|Any CPU.Build.0 = Debug|Any CPU
		{ECBEEBAC-0059-454E-9EB4-74C59E217814}.Release|Any CPU.ActiveCfg = Release|Any CPU
		{ECBEEBAC-0059-454E-9EB4-74C59E217814}.Release|Any CPU.Build.0 = Release|Any CPU
	EndGlobalSection
	GlobalSection(SolutionProperties) = preSolution
		HideSolutionNode = FALSE
	EndGlobalSection
	GlobalSection(ExtensibilityGlobals) = postSolution
		SolutionGuid = {73B4A915-07C6-433E-8ABE-E7169387E553}
	EndGlobalSection
EndGlobal
